
Microsoft Visual Studio Solution File, Format Version 12.00
# Visual Studio Version 16
VisualStudioVersion = 16.0.28803.156
MinimumVisualStudioVersion = 10.0.40219.1
Project("{FAE04EC0-301F-11D3-BF4B-00C04F79EFBC}") = "Timereporter", "Timereporter\Timereporter.csproj", "{0EF352D4-8BD5-4977-80BC-B692DF7FA5B5}"
EndProject
Project("{9A19103F-16F7-4668-BE54-9A1E7A4F7556}") = "Timereporter.Api", "Timereporter.Api\Timereporter.Api.csproj", "{ADA51188-EE84-4FED-B9E1-D1864F3A6D9D}"
EndProject
Project("{9A19103F-16F7-4668-BE54-9A1E7A4F7556}") = "Timereporter.Core", "Timereporter.Core\Timereporter.Core.csproj", "{7B24AB82-DED4-41C8-9B89-D8569D1BB308}"
EndProject
Project("{FAE04EC0-301F-11D3-BF4B-00C04F79EFBC}") = "Timereporter.EventLogTask", "Timereporter.EventLogTask\Timereporter.EventLogTask.csproj", "{2051CE09-F67A-435A-9FC6-B6DCAD5E327E}"
EndProject
Project("{FAE04EC0-301F-11D3-BF4B-00C04F79EFBC}") = "Timereporter.EventLogTask.Tests", "Timereporter.EventLogTask.Tests\Timereporter.EventLogTask.Tests.csproj", "{B7168C80-7AE1-4DF7-94B1-312333C16F81}"
EndProject
Global
	GlobalSection(SolutionConfigurationPlatforms) = preSolution
		Debug|Any CPU = Debug|Any CPU
		Release|Any CPU = Release|Any CPU
	EndGlobalSection
	GlobalSection(ProjectConfigurationPlatforms) = postSolution
		{0EF352D4-8BD5-4977-80BC-B692DF7FA5B5}.Debug|Any CPU.ActiveCfg = Debug|Any CPU
		{0EF352D4-8BD5-4977-80BC-B692DF7FA5B5}.Debug|Any CPU.Build.0 = Debug|Any CPU
		{0EF352D4-8BD5-4977-80BC-B692DF7FA5B5}.Release|Any CPU.ActiveCfg = Release|Any CPU
		{0EF352D4-8BD5-4977-80BC-B692DF7FA5B5}.Release|Any CPU.Build.0 = Release|Any CPU
		{ADA51188-EE84-4FED-B9E1-D1864F3A6D9D}.Debug|Any CPU.ActiveCfg = Debug|Any CPU
		{ADA51188-EE84-4FED-B9E1-D1864F3A6D9D}.Debug|Any CPU.Build.0 = Debug|Any CPU
		{ADA51188-EE84-4FED-B9E1-D1864F3A6D9D}.Release|Any CPU.ActiveCfg = Release|Any CPU
		{ADA51188-EE84-4FED-B9E1-D1864F3A6D9D}.Release|Any CPU.Build.0 = Release|Any CPU
		{7B24AB82-DED4-41C8-9B89-D8569D1BB308}.Debug|Any CPU.ActiveCfg = Debug|Any CPU
		{7B24AB82-DED4-41C8-9B89-D8569D1BB308}.Debug|Any CPU.Build.0 = Debug|Any CPU
		{7B24AB82-DED4-41C8-9B89-D8569D1BB308}.Release|Any CPU.ActiveCfg = Release|Any CPU
		{7B24AB82-DED4-41C8-9B89-D8569D1BB308}.Release|Any CPU.Build.0 = Release|Any CPU
		{2051CE09-F67A-435A-9FC6-B6DCAD5E327E}.Debug|Any CPU.ActiveCfg = Debug|Any CPU
		{2051CE09-F67A-435A-9FC6-B6DCAD5E327E}.Debug|Any CPU.Build.0 = Debug|Any CPU
		{2051CE09-F67A-435A-9FC6-B6DCAD5E327E}.Release|Any CPU.ActiveCfg = Release|Any CPU
		{2051CE09-F67A-435A-9FC6-B6DCAD5E327E}.Release|Any CPU.Build.0 = Release|Any CPU
		{B7168C80-7AE1-4DF7-94B1-312333C16F81}.Debug|Any CPU.ActiveCfg = Debug|Any CPU
		{B7168C80-7AE1-4DF7-94B1-312333C16F81}.Debug|Any CPU.Build.0 = Debug|Any CPU
		{B7168C80-7AE1-4DF7-94B1-312333C16F81}.Release|Any CPU.ActiveCfg = Release|Any CPU
		{B7168C80-7AE1-4DF7-94B1-312333C16F81}.Release|Any CPU.Build.0 = Release|Any CPU
	EndGlobalSection
	GlobalSection(SolutionProperties) = preSolution
		HideSolutionNode = FALSE
	EndGlobalSection
	GlobalSection(ExtensibilityGlobals) = postSolution
		SolutionGuid = {8F7A7CBB-5357-43D7-8A03-BA27C2FB4392}
	EndGlobalSection
EndGlobal
